# THIS IS AN AUTOGENERATED FILE. DO NOT EDIT THIS FILE DIRECTLY.
# yarn lockfile v1


"@nimiq/core-types@^1.0.0":
  version "1.0.0"
  resolved "https://registry.yarnpkg.com/@nimiq/core-types/-/core-types-1.0.0.tgz#a675cf2c151d9146e79934035e999bbd08a59d42"

"@nimiq/utils@^0.0.2":
  version "0.0.2"
  resolved "https://registry.yarnpkg.com/@nimiq/utils/-/utils-0.0.2.tgz#190747f8ef9e6b4640e4ee3c5a9c0b089bf47049"

"@types/estree@0.0.39":
  version "0.0.39"
  resolved "https://registry.yarnpkg.com/@types/estree/-/estree-0.0.39.tgz#e177e699ee1b8c22d23174caaa7422644389509f"

"@types/node@*":
  version "10.9.3"
  resolved "https://registry.yarnpkg.com/@types/node/-/node-10.9.3.tgz#85f288502503ade0b3bfc049fe1777b05d0327d5"

rollup@^0.65.0:
  version "0.65.0"
  resolved "https://registry.yarnpkg.com/rollup/-/rollup-0.65.0.tgz#280db1252169b68fc3043028346b337dde453fba"
  dependencies:
    "@types/estree" "0.0.39"
    "@types/node" "*"
